
Microsoft Visual Studio Solution File, Format Version 12.00
# Visual Studio Version 17
VisualStudioVersion = 17.11.35327.3
MinimumVisualStudioVersion = 10.0.40219.1
Project("{FAE04EC0-301F-11D3-BF4B-00C04F79EFBC}") = "SEU_IS_18_ICT_052", "SEU_IS_18_ICT_052\SEU_IS_18_ICT_052.csproj", "{AABD1965-535F-4898-A390-0B54AB4CA2D3}"
EndProject
Global
	GlobalSection(SolutionConfigurationPlatforms) = preSolution
		Debug|Any CPU = Debug|Any CPU
		Release|Any CPU = Release|Any CPU
	EndGlobalSection
	GlobalSection(ProjectConfigurationPlatforms) = postSolution
		{AABD1965-535F-4898-A390-0B54AB4CA2D3}.Debug|Any CPU.ActiveCfg = Debug|Any CPU
		{AABD1965-535F-4898-A390-0B54AB4CA2D3}.Debug|Any CPU.Build.0 = Debug|Any CPU
		{AABD1965-535F-4898-A390-0B54AB4CA2D3}.Release|Any CPU.ActiveCfg = Release|Any CPU
		{AABD1965-535F-4898-A390-0B54AB4CA2D3}.Release|Any CPU.Build.0 = Release|Any CPU
	EndGlobalSection
	GlobalSection(SolutionProperties) = preSolution
		HideSolutionNode = FALSE
	EndGlobalSection
	GlobalSection(ExtensibilityGlobals) = postSolution
		SolutionGuid = {37C98C80-E105-45CF-9109-01078FD3E140}
	EndGlobalSection
EndGlobal
